// !$*UTF8*$!
{
	archiveVersion = 1;
	classes = {
	};
	objectVersion = 56;
	objects = {

/* Begin PBXBuildFile section */
		4F23E0E92AA06F3B00A12F7B /* NavigationContentView.mm in Sources */ = {isa = PBXBuildFile; fileRef = 4F23E0E82AA06F3B00A12F7B /* NavigationContentView.mm */; };
		4F4E13C52A9DCB0600FC6305 /* NSTextField+LabelStyle.mm in Sources */ = {isa = PBXBuildFile; fileRef = 4F4E13C42A9DCB0600FC6305 /* NSTextField+LabelStyle.mm */; };
		4F55C8F52A9E2566009CADBD /* UniformTypeIdentifiers.framework in Frameworks */ = {isa = PBXBuildFile; fileRef = 4F55C8F42A9E2566009CADBD /* UniformTypeIdentifiers.framework */; };
		4F59BE382AA464F1003E6F07 /* VZMacHardwareModelValueTransformer.mm in Sources */ = {isa = PBXBuildFile; fileRef = 4F59BE372AA464F1003E6F07 /* VZMacHardwareModelValueTransformer.mm */; };
		4F59BE3B2AA465E5003E6F07 /* VZMacMachineIdentifierValueTransformer.mm in Sources */ = {isa = PBXBuildFile; fileRef = 4F59BE3A2AA465E5003E6F07 /* VZMacMachineIdentifierValueTransformer.mm */; };
		4F59BE3E2AA468B0003E6F07 /* VZMACAddressValueTransformer.mm in Sources */ = {isa = PBXBuildFile; fileRef = 4F59BE3D2AA468B0003E6F07 /* VZMACAddressValueTransformer.mm */; };
		4F59BE412AA479DC003E6F07 /* VMsViewModel.mm in Sources */ = {isa = PBXBuildFile; fileRef = 4F59BE3F2AA479DC003E6F07 /* VMsViewModel.mm */; };
		4F59BE442AA47BA0003E6F07 /* VMsViewModelDelegate.mm in Sources */ = {isa = PBXBuildFile; fileRef = 4F59BE432AA47BA0003E6F07 /* VMsViewModelDelegate.mm */; };
		4F59BE472AA480E0003E6F07 /* VMsCollectionViewItem.mm in Sources */ = {isa = PBXBuildFile; fileRef = 4F59BE462AA480E0003E6F07 /* VMsCollectionViewItem.mm */; };
		4F59BE4B2AA48A68003E6F07 /* BookmarkURLValueTransformer.mm in Sources */ = {isa = PBXBuildFile; fileRef = 4F59BE4A2AA48A68003E6F07 /* BookmarkURLValueTransformer.mm */; };
		4F59BE4E2AA48DFE003E6F07 /* VMWindow.mm in Sources */ = {isa = PBXBuildFile; fileRef = 4F59BE4D2AA48DFE003E6F07 /* VMWindow.mm */; };
		4F59BE512AA4A756003E6F07 /* VMViewController.mm in Sources */ = {isa = PBXBuildFile; fileRef = 4F59BE502AA4A756003E6F07 /* VMViewController.mm */; };
		4F59BE542AA4C495003E6F07 /* VMViewModel.mm in Sources */ = {isa = PBXBuildFile; fileRef = 4F59BE522AA4C495003E6F07 /* VMViewModel.mm */; };
		4F607D102A9DAE2200DBB7EB /* RestoreImagesViewModel.mm in Sources */ = {isa = PBXBuildFile; fileRef = 4F607D0E2A9DAE2200DBB7EB /* RestoreImagesViewModel.mm */; };
		4F607D132A9DBC8900DBB7EB /* RestoreImagesViewModelDelegate.mm in Sources */ = {isa = PBXBuildFile; fileRef = 4F607D122A9DBC8900DBB7EB /* RestoreImagesViewModelDelegate.mm */; };
		4F607D162A9DCA0600DBB7EB /* RestoreImagesCollectionViewItem.mm in Sources */ = {isa = PBXBuildFile; fileRef = 4F607D152A9DCA0600DBB7EB /* RestoreImagesCollectionViewItem.mm */; };
		4F66B1542A9EE6FD00D188F0 /* VirtualMachineMacModel.mm in Sources */ = {isa = PBXBuildFile; fileRef = 4F66B1532A9EE6FD00D188F0 /* VirtualMachineMacModel.mm */; };
		4F66B1582A9EE94C00D188F0 /* CreateVMLocationViewController.mm in Sources */ = {isa = PBXBuildFile; fileRef = 4F66B1572A9EE94C00D188F0 /* CreateVMLocationViewController.mm */; };
		4F70CC6C2AA8C5AE00DB4555 /* EditVMSidebarSectionModel.mm in Sources */ = {isa = PBXBuildFile; fileRef = 4F70CC6B2AA8C5AE00DB4555 /* EditVMSidebarSectionModel.mm */; };
		4F7A7CBB2AA6EBF700919300 /* EditVMViewController.mm in Sources */ = {isa = PBXBuildFile; fileRef = 4F7A7CBA2AA6EBF700919300 /* EditVMViewController.mm */; };
		4F7A7CBE2AA6ED9E00919300 /* EditVMSidebarViewController.mm in Sources */ = {isa = PBXBuildFile; fileRef = 4F7A7CBD2AA6ED9E00919300 /* EditVMSidebarViewController.mm */; };
		4F7A7CC12AA6F6BF00919300 /* EditVMSidebarViewModel.mm in Sources */ = {isa = PBXBuildFile; fileRef = 4F7A7CBF2AA6F6BF00919300 /* EditVMSidebarViewModel.mm */; };
		4F7ECC822AA0245F00781951 /* NavigationController.mm in Sources */ = {isa = PBXBuildFile; fileRef = 4F7ECC812AA0245F00781951 /* NavigationController.mm */; };
		4F7ECC842AA0618700781951 /* View.xib in Resources */ = {isa = PBXBuildFile; fileRef = 4F7ECC832AA0618700781951 /* View.xib */; };
		4F83F75E2A9CD27900777BF6 /* RestoreImageModel.mm in Sources */ = {isa = PBXBuildFile; fileRef = 4F83F75D2A9CD27900777BF6 /* RestoreImageModel.mm */; };
		4F8934012AA61DE10066B3EC /* EditVMWindow.mm in Sources */ = {isa = PBXBuildFile; fileRef = 4F8934002AA61DE10066B3EC /* EditVMWindow.mm */; };
		4FA1D8552AA5674300485112 /* SVTextField.mm in Sources */ = {isa = PBXBuildFile; fileRef = 4FA1D8542AA5674300485112 /* SVTextField.mm */; };
		4FD4CD4B2AA5525200075DF1 /* CreateVMDiskConfigurationViewController.mm in Sources */ = {isa = PBXBuildFile; fileRef = 4FD4CD4A2AA5525200075DF1 /* CreateVMDiskConfigurationViewController.mm */; };
		4FD979E22A9CAA7A004CD11C /* PersistentDataManager.mm in Sources */ = {isa = PBXBuildFile; fileRef = 4FD979E12A9CAA7A004CD11C /* PersistentDataManager.mm */; };
		4FD979E42A9CAAB6004CD11C /* CoreData.framework in Frameworks */ = {isa = PBXBuildFile; fileRef = 4FD979E32A9CAAB6004CD11C /* CoreData.framework */; };
		4FE8DDD62A9C656D003B11C1 /* BaseMenu.mm in Sources */ = {isa = PBXBuildFile; fileRef = 4FE8DDD52A9C656D003B11C1 /* BaseMenu.mm */; };
		4FE8DDDA2A9C65EE003B11C1 /* AppMenuItem.mm in Sources */ = {isa = PBXBuildFile; fileRef = 4FE8DDD92A9C65EE003B11C1 /* AppMenuItem.mm */; };
		4FE8DDDD2A9C6903003B11C1 /* SettingsWindow.mm in Sources */ = {isa = PBXBuildFile; fileRef = 4FE8DDDC2A9C6903003B11C1 /* SettingsWindow.mm */; };
		4FE8DDE02A9C69AE003B11C1 /* SettingsViewController.mm in Sources */ = {isa = PBXBuildFile; fileRef = 4FE8DDDF2A9C69AE003B11C1 /* SettingsViewController.mm */; };
		4FE8DDE52A9C6D06003B11C1 /* RestoreImagesViewController.mm in Sources */ = {isa = PBXBuildFile; fileRef = 4FE8DDE42A9C6D06003B11C1 /* RestoreImagesViewController.mm */; };
		4FFAB68B2AA1FE7400DC71AA /* NavigationItem.mm in Sources */ = {isa = PBXBuildFile; fileRef = 4FFAB68A2AA1FE7400DC71AA /* NavigationItem.mm */; };
		4FFD776E2A9B619E00D11F88 /* AppDelegate.mm in Sources */ = {isa = PBXBuildFile; fileRef = 4FFD776D2A9B619E00D11F88 /* AppDelegate.mm */; };
		4FFD77712A9B619E00D11F88 /* ViewController.mm in Sources */ = {isa = PBXBuildFile; fileRef = 4FFD77702A9B619E00D11F88 /* ViewController.mm */; };
		4FFD77732A9B619F00D11F88 /* Assets.xcassets in Resources */ = {isa = PBXBuildFile; fileRef = 4FFD77722A9B619F00D11F88 /* Assets.xcassets */; };
		4FFD77782A9B619F00D11F88 /* main.mm in Sources */ = {isa = PBXBuildFile; fileRef = 4FFD77772A9B619F00D11F88 /* main.mm */; };
		4FFD77812A9B622100D11F88 /* Cocoa.framework in Frameworks */ = {isa = PBXBuildFile; fileRef = 4FFD77802A9B622100D11F88 /* Cocoa.framework */; };
		4FFD77832A9B622500D11F88 /* Virtualization.framework in Frameworks */ = {isa = PBXBuildFile; fileRef = 4FFD77822A9B622500D11F88 /* Virtualization.framework */; };
		4FFD77882A9B62C100D11F88 /* VMsWindow.mm in Sources */ = {isa = PBXBuildFile; fileRef = 4FFD77872A9B62C100D11F88 /* VMsWindow.mm */; };
		4FFD778B2A9B63D400D11F88 /* VMsViewController.mm in Sources */ = {isa = PBXBuildFile; fileRef = 4FFD778A2A9B63D400D11F88 /* VMsViewController.mm */; };
		4FFD778F2A9B68C900D11F88 /* NSObject+Foundation_IvarDescription.mm in Sources */ = {isa = PBXBuildFile; fileRef = 4FFD778E2A9B68C900D11F88 /* NSObject+Foundation_IvarDescription.mm */; };
		4FFD77B72A9B78BE00D11F88 /* Cancellable.cc in Sources */ = {isa = PBXBuildFile; fileRef = 4FFD77B62A9B78BE00D11F88 /* Cancellable.cc */; };
		4FFF2CA32AA2200600B22FEA /* TestNavigationViewController.mm in Sources */ = {isa = PBXBuildFile; fileRef = 4FFF2CA22AA2200600B22FEA /* TestNavigationViewController.mm */; };
		4FFF2CA62AA314D900B22FEA /* CreateVMInstallationViewController.mm in Sources */ = {isa = PBXBuildFile; fileRef = 4FFF2CA52AA314D900B22FEA /* CreateVMInstallationViewController.mm */; };
		4FFF2CA92AA316AF00B22FEA /* CreateVMWindow.mm in Sources */ = {isa = PBXBuildFile; fileRef = 4FFF2CA82AA316AF00B22FEA /* CreateVMWindow.mm */; };
		4FFF2CAC2AA3189200B22FEA /* CreateVMInstallationViewModel.mm in Sources */ = {isa = PBXBuildFile; fileRef = 4FFF2CAA2AA3189200B22FEA /* CreateVMInstallationViewModel.mm */; };
/* End PBXBuildFile section */

/* Begin PBXFileReference section */
		4F23E0E72AA06F3B00A12F7B /* NavigationContentView.hpp */ = {isa = PBXFileReference; lastKnownFileType = sourcecode.cpp.h; path = NavigationContentView.hpp; sourceTree = "<group>"; };
		4F23E0E82AA06F3B00A12F7B /* NavigationContentView.mm */ = {isa = PBXFileReference; lastKnownFileType = sourcecode.cpp.objcpp; path = NavigationContentView.mm; sourceTree = "<group>"; };
		4F4E13C32A9DCB0600FC6305 /* NSTextField+LabelStyle.hpp */ = {isa = PBXFileReference; fileEncoding = 4; lastKnownFileType = sourcecode.cpp.h; path = "NSTextField+LabelStyle.hpp"; sourceTree = "<group>"; };
		4F4E13C42A9DCB0600FC6305 /* NSTextField+LabelStyle.mm */ = {isa = PBXFileReference; fileEncoding = 4; lastKnownFileType = sourcecode.cpp.objcpp; path = "NSTextField+LabelStyle.mm"; sourceTree = "<group>"; };
		4F55C8F42A9E2566009CADBD /* UniformTypeIdentifiers.framework */ = {isa = PBXFileReference; lastKnownFileType = wrapper.framework; name = UniformTypeIdentifiers.framework; path = System/Library/Frameworks/UniformTypeIdentifiers.framework; sourceTree = SDKROOT; };
		4F59BE362AA464F1003E6F07 /* VZMacHardwareModelValueTransformer.hpp */ = {isa = PBXFileReference; lastKnownFileType = sourcecode.cpp.h; path = VZMacHardwareModelValueTransformer.hpp; sourceTree = "<group>"; };
		4F59BE372AA464F1003E6F07 /* VZMacHardwareModelValueTransformer.mm */ = {isa = PBXFileReference; lastKnownFileType = sourcecode.cpp.objcpp; path = VZMacHardwareModelValueTransformer.mm; sourceTree = "<group>"; };
		4F59BE392AA465E5003E6F07 /* VZMacMachineIdentifierValueTransformer.hpp */ = {isa = PBXFileReference; lastKnownFileType = sourcecode.cpp.h; path = VZMacMachineIdentifierValueTransformer.hpp; sourceTree = "<group>"; };
		4F59BE3A2AA465E5003E6F07 /* VZMacMachineIdentifierValueTransformer.mm */ = {isa = PBXFileReference; lastKnownFileType = sourcecode.cpp.objcpp; path = VZMacMachineIdentifierValueTransformer.mm; sourceTree = "<group>"; };
		4F59BE3C2AA468B0003E6F07 /* VZMACAddressValueTransformer.hpp */ = {isa = PBXFileReference; lastKnownFileType = sourcecode.cpp.h; path = VZMACAddressValueTransformer.hpp; sourceTree = "<group>"; };
		4F59BE3D2AA468B0003E6F07 /* VZMACAddressValueTransformer.mm */ = {isa = PBXFileReference; lastKnownFileType = sourcecode.cpp.objcpp; path = VZMACAddressValueTransformer.mm; sourceTree = "<group>"; };
		4F59BE3F2AA479DC003E6F07 /* VMsViewModel.mm */ = {isa = PBXFileReference; lastKnownFileType = sourcecode.cpp.objcpp; path = VMsViewModel.mm; sourceTree = "<group>"; };
		4F59BE402AA479DC003E6F07 /* VMsViewModel.hpp */ = {isa = PBXFileReference; lastKnownFileType = sourcecode.cpp.h; path = VMsViewModel.hpp; sourceTree = "<group>"; };
		4F59BE422AA47BA0003E6F07 /* VMsViewModelDelegate.hpp */ = {isa = PBXFileReference; lastKnownFileType = sourcecode.cpp.h; path = VMsViewModelDelegate.hpp; sourceTree = "<group>"; };
		4F59BE432AA47BA0003E6F07 /* VMsViewModelDelegate.mm */ = {isa = PBXFileReference; lastKnownFileType = sourcecode.cpp.objcpp; path = VMsViewModelDelegate.mm; sourceTree = "<group>"; };
		4F59BE452AA480E0003E6F07 /* VMsCollectionViewItem.hpp */ = {isa = PBXFileReference; lastKnownFileType = sourcecode.cpp.h; path = VMsCollectionViewItem.hpp; sourceTree = "<group>"; };
		4F59BE462AA480E0003E6F07 /* VMsCollectionViewItem.mm */ = {isa = PBXFileReference; lastKnownFileType = sourcecode.cpp.objcpp; path = VMsCollectionViewItem.mm; sourceTree = "<group>"; };
		4F59BE492AA48A68003E6F07 /* BookmarkURLValueTransformer.hpp */ = {isa = PBXFileReference; lastKnownFileType = sourcecode.cpp.h; path = BookmarkURLValueTransformer.hpp; sourceTree = "<group>"; };
		4F59BE4A2AA48A68003E6F07 /* BookmarkURLValueTransformer.mm */ = {isa = PBXFileReference; lastKnownFileType = sourcecode.cpp.objcpp; path = BookmarkURLValueTransformer.mm; sourceTree = "<group>"; };
		4F59BE4C2AA48DFE003E6F07 /* VMWindow.hpp */ = {isa = PBXFileReference; lastKnownFileType = sourcecode.cpp.h; path = VMWindow.hpp; sourceTree = "<group>"; };
		4F59BE4D2AA48DFE003E6F07 /* VMWindow.mm */ = {isa = PBXFileReference; lastKnownFileType = sourcecode.cpp.objcpp; path = VMWindow.mm; sourceTree = "<group>"; };
		4F59BE4F2AA4A756003E6F07 /* VMViewController.hpp */ = {isa = PBXFileReference; lastKnownFileType = sourcecode.cpp.h; path = VMViewController.hpp; sourceTree = "<group>"; };
		4F59BE502AA4A756003E6F07 /* VMViewController.mm */ = {isa = PBXFileReference; lastKnownFileType = sourcecode.cpp.objcpp; path = VMViewController.mm; sourceTree = "<group>"; };
		4F59BE522AA4C495003E6F07 /* VMViewModel.mm */ = {isa = PBXFileReference; lastKnownFileType = sourcecode.cpp.objcpp; path = VMViewModel.mm; sourceTree = "<group>"; };
		4F59BE532AA4C495003E6F07 /* VMViewModel.hpp */ = {isa = PBXFileReference; lastKnownFileType = sourcecode.cpp.h; path = VMViewModel.hpp; sourceTree = "<group>"; };
		4F607D0E2A9DAE2200DBB7EB /* RestoreImagesViewModel.mm */ = {isa = PBXFileReference; lastKnownFileType = sourcecode.cpp.objcpp; path = RestoreImagesViewModel.mm; sourceTree = "<group>"; };
		4F607D0F2A9DAE2200DBB7EB /* RestoreImagesViewModel.hpp */ = {isa = PBXFileReference; lastKnownFileType = sourcecode.cpp.h; path = RestoreImagesViewModel.hpp; sourceTree = "<group>"; };
		4F607D112A9DBC8900DBB7EB /* RestoreImagesViewModelDelegate.hpp */ = {isa = PBXFileReference; lastKnownFileType = sourcecode.cpp.h; path = RestoreImagesViewModelDelegate.hpp; sourceTree = "<group>"; };
		4F607D122A9DBC8900DBB7EB /* RestoreImagesViewModelDelegate.mm */ = {isa = PBXFileReference; lastKnownFileType = sourcecode.cpp.objcpp; path = RestoreImagesViewModelDelegate.mm; sourceTree = "<group>"; };
		4F607D142A9DCA0600DBB7EB /* RestoreImagesCollectionViewItem.hpp */ = {isa = PBXFileReference; lastKnownFileType = sourcecode.cpp.h; path = RestoreImagesCollectionViewItem.hpp; sourceTree = "<group>"; };
		4F607D152A9DCA0600DBB7EB /* RestoreImagesCollectionViewItem.mm */ = {isa = PBXFileReference; lastKnownFileType = sourcecode.cpp.objcpp; path = RestoreImagesCollectionViewItem.mm; sourceTree = "<group>"; };
		4F66B1522A9EE6FD00D188F0 /* VirtualMachineMacModel.hpp */ = {isa = PBXFileReference; lastKnownFileType = sourcecode.cpp.h; path = VirtualMachineMacModel.hpp; sourceTree = "<group>"; };
		4F66B1532A9EE6FD00D188F0 /* VirtualMachineMacModel.mm */ = {isa = PBXFileReference; lastKnownFileType = sourcecode.cpp.objcpp; path = VirtualMachineMacModel.mm; sourceTree = "<group>"; };
		4F66B1562A9EE94C00D188F0 /* CreateVMLocationViewController.hpp */ = {isa = PBXFileReference; lastKnownFileType = sourcecode.cpp.h; path = CreateVMLocationViewController.hpp; sourceTree = "<group>"; };
		4F66B1572A9EE94C00D188F0 /* CreateVMLocationViewController.mm */ = {isa = PBXFileReference; lastKnownFileType = sourcecode.cpp.objcpp; path = CreateVMLocationViewController.mm; sourceTree = "<group>"; };
		4F70CC6A2AA8C5AE00DB4555 /* EditVMSidebarSectionModel.hpp */ = {isa = PBXFileReference; lastKnownFileType = sourcecode.cpp.h; path = EditVMSidebarSectionModel.hpp; sourceTree = "<group>"; };
		4F70CC6B2AA8C5AE00DB4555 /* EditVMSidebarSectionModel.mm */ = {isa = PBXFileReference; lastKnownFileType = sourcecode.cpp.objcpp; path = EditVMSidebarSectionModel.mm; sourceTree = "<group>"; };
		4F7A7CB92AA6EBF700919300 /* EditVMViewController.hpp */ = {isa = PBXFileReference; lastKnownFileType = sourcecode.cpp.h; path = EditVMViewController.hpp; sourceTree = "<group>"; };
		4F7A7CBA2AA6EBF700919300 /* EditVMViewController.mm */ = {isa = PBXFileReference; lastKnownFileType = sourcecode.cpp.objcpp; path = EditVMViewController.mm; sourceTree = "<group>"; };
		4F7A7CBC2AA6ED9E00919300 /* EditVMSidebarViewController.hpp */ = {isa = PBXFileReference; lastKnownFileType = sourcecode.cpp.h; path = EditVMSidebarViewController.hpp; sourceTree = "<group>"; };
		4F7A7CBD2AA6ED9E00919300 /* EditVMSidebarViewController.mm */ = {isa = PBXFileReference; lastKnownFileType = sourcecode.cpp.objcpp; path = EditVMSidebarViewController.mm; sourceTree = "<group>"; };
		4F7A7CBF2AA6F6BF00919300 /* EditVMSidebarViewModel.mm */ = {isa = PBXFileReference; lastKnownFileType = sourcecode.cpp.objcpp; path = EditVMSidebarViewModel.mm; sourceTree = "<group>"; };
		4F7A7CC02AA6F6BF00919300 /* EditVMSidebarViewModel.hpp */ = {isa = PBXFileReference; lastKnownFileType = sourcecode.cpp.h; path = EditVMSidebarViewModel.hpp; sourceTree = "<group>"; };
		4F7ECC802AA0245F00781951 /* NavigationController.hpp */ = {isa = PBXFileReference; lastKnownFileType = sourcecode.cpp.h; path = NavigationController.hpp; sourceTree = "<group>"; };
		4F7ECC812AA0245F00781951 /* NavigationController.mm */ = {isa = PBXFileReference; lastKnownFileType = sourcecode.cpp.objcpp; path = NavigationController.mm; sourceTree = "<group>"; };
		4F7ECC832AA0618700781951 /* View.xib */ = {isa = PBXFileReference; lastKnownFileType = file.xib; path = View.xib; sourceTree = "<group>"; };
		4F83F75C2A9CD27900777BF6 /* RestoreImageModel.hpp */ = {isa = PBXFileReference; lastKnownFileType = sourcecode.cpp.h; path = RestoreImageModel.hpp; sourceTree = "<group>"; };
		4F83F75D2A9CD27900777BF6 /* RestoreImageModel.mm */ = {isa = PBXFileReference; lastKnownFileType = sourcecode.cpp.objcpp; path = RestoreImageModel.mm; sourceTree = "<group>"; };
		4F8933FF2AA61DE10066B3EC /* EditVMWindow.hpp */ = {isa = PBXFileReference; lastKnownFileType = sourcecode.cpp.h; path = EditVMWindow.hpp; sourceTree = "<group>"; };
		4F8934002AA61DE10066B3EC /* EditVMWindow.mm */ = {isa = PBXFileReference; lastKnownFileType = sourcecode.cpp.objcpp; path = EditVMWindow.mm; sourceTree = "<group>"; };
		4FA1D8532AA5674300485112 /* SVTextField.hpp */ = {isa = PBXFileReference; lastKnownFileType = sourcecode.cpp.h; path = SVTextField.hpp; sourceTree = "<group>"; };
		4FA1D8542AA5674300485112 /* SVTextField.mm */ = {isa = PBXFileReference; lastKnownFileType = sourcecode.cpp.objcpp; path = SVTextField.mm; sourceTree = "<group>"; };
		4FD4CD492AA5525200075DF1 /* CreateVMDiskConfigurationViewController.hpp */ = {isa = PBXFileReference; lastKnownFileType = sourcecode.cpp.h; path = CreateVMDiskConfigurationViewController.hpp; sourceTree = "<group>"; };
		4FD4CD4A2AA5525200075DF1 /* CreateVMDiskConfigurationViewController.mm */ = {isa = PBXFileReference; lastKnownFileType = sourcecode.cpp.objcpp; path = CreateVMDiskConfigurationViewController.mm; sourceTree = "<group>"; };
		4FD979E02A9CAA7A004CD11C /* PersistentDataManager.hpp */ = {isa = PBXFileReference; lastKnownFileType = sourcecode.cpp.h; path = PersistentDataManager.hpp; sourceTree = "<group>"; };
		4FD979E12A9CAA7A004CD11C /* PersistentDataManager.mm */ = {isa = PBXFileReference; lastKnownFileType = sourcecode.cpp.objcpp; path = PersistentDataManager.mm; sourceTree = "<group>"; };
		4FD979E32A9CAAB6004CD11C /* CoreData.framework */ = {isa = PBXFileReference; lastKnownFileType = wrapper.framework; name = CoreData.framework; path = System/Library/Frameworks/CoreData.framework; sourceTree = SDKROOT; };
		4FE8DDD42A9C656D003B11C1 /* BaseMenu.hpp */ = {isa = PBXFileReference; lastKnownFileType = sourcecode.cpp.h; path = BaseMenu.hpp; sourceTree = "<group>"; };
		4FE8DDD52A9C656D003B11C1 /* BaseMenu.mm */ = {isa = PBXFileReference; lastKnownFileType = sourcecode.cpp.objcpp; path = BaseMenu.mm; sourceTree = "<group>"; };
		4FE8DDD82A9C65EE003B11C1 /* AppMenuItem.hpp */ = {isa = PBXFileReference; lastKnownFileType = sourcecode.cpp.h; path = AppMenuItem.hpp; sourceTree = "<group>"; };
		4FE8DDD92A9C65EE003B11C1 /* AppMenuItem.mm */ = {isa = PBXFileReference; lastKnownFileType = sourcecode.cpp.objcpp; path = AppMenuItem.mm; sourceTree = "<group>"; };
		4FE8DDDB2A9C6903003B11C1 /* SettingsWindow.hpp */ = {isa = PBXFileReference; lastKnownFileType = sourcecode.cpp.h; path = SettingsWindow.hpp; sourceTree = "<group>"; };
		4FE8DDDC2A9C6903003B11C1 /* SettingsWindow.mm */ = {isa = PBXFileReference; lastKnownFileType = sourcecode.cpp.objcpp; path = SettingsWindow.mm; sourceTree = "<group>"; };
		4FE8DDDE2A9C69AE003B11C1 /* SettingsViewController.hpp */ = {isa = PBXFileReference; lastKnownFileType = sourcecode.cpp.h; path = SettingsViewController.hpp; sourceTree = "<group>"; };
		4FE8DDDF2A9C69AE003B11C1 /* SettingsViewController.mm */ = {isa = PBXFileReference; lastKnownFileType = sourcecode.cpp.objcpp; path = SettingsViewController.mm; sourceTree = "<group>"; };
		4FE8DDE32A9C6D06003B11C1 /* RestoreImagesViewController.hpp */ = {isa = PBXFileReference; lastKnownFileType = sourcecode.cpp.h; path = RestoreImagesViewController.hpp; sourceTree = "<group>"; };
		4FE8DDE42A9C6D06003B11C1 /* RestoreImagesViewController.mm */ = {isa = PBXFileReference; lastKnownFileType = sourcecode.cpp.objcpp; path = RestoreImagesViewController.mm; sourceTree = "<group>"; };
		4FFAB6892AA1FE7400DC71AA /* NavigationItem.hpp */ = {isa = PBXFileReference; lastKnownFileType = sourcecode.cpp.h; path = NavigationItem.hpp; sourceTree = "<group>"; };
		4FFAB68A2AA1FE7400DC71AA /* NavigationItem.mm */ = {isa = PBXFileReference; lastKnownFileType = sourcecode.cpp.objcpp; path = NavigationItem.mm; sourceTree = "<group>"; };
		4FFD77692A9B619E00D11F88 /* Silicon.app */ = {isa = PBXFileReference; explicitFileType = wrapper.application; includeInIndex = 0; path = Silicon.app; sourceTree = BUILT_PRODUCTS_DIR; };
		4FFD776C2A9B619E00D11F88 /* AppDelegate.hpp */ = {isa = PBXFileReference; lastKnownFileType = sourcecode.cpp.h; path = AppDelegate.hpp; sourceTree = "<group>"; };
		4FFD776D2A9B619E00D11F88 /* AppDelegate.mm */ = {isa = PBXFileReference; lastKnownFileType = sourcecode.cpp.objcpp; path = AppDelegate.mm; sourceTree = "<group>"; };
		4FFD776F2A9B619E00D11F88 /* ViewController.hpp */ = {isa = PBXFileReference; lastKnownFileType = sourcecode.cpp.h; path = ViewController.hpp; sourceTree = "<group>"; };
		4FFD77702A9B619E00D11F88 /* ViewController.mm */ = {isa = PBXFileReference; lastKnownFileType = sourcecode.cpp.objcpp; path = ViewController.mm; sourceTree = "<group>"; };
		4FFD77722A9B619F00D11F88 /* Assets.xcassets */ = {isa = PBXFileReference; lastKnownFileType = folder.assetcatalog; path = Assets.xcassets; sourceTree = "<group>"; };
		4FFD77772A9B619F00D11F88 /* main.mm */ = {isa = PBXFileReference; lastKnownFileType = sourcecode.cpp.objcpp; path = main.mm; sourceTree = "<group>"; };
		4FFD77792A9B619F00D11F88 /* Silicon.entitlements */ = {isa = PBXFileReference; lastKnownFileType = text.plist.entitlements; path = Silicon.entitlements; sourceTree = "<group>"; };
		4FFD77802A9B622100D11F88 /* Cocoa.framework */ = {isa = PBXFileReference; lastKnownFileType = wrapper.framework; name = Cocoa.framework; path = System/Library/Frameworks/Cocoa.framework; sourceTree = SDKROOT; };
		4FFD77822A9B622500D11F88 /* Virtualization.framework */ = {isa = PBXFileReference; lastKnownFileType = wrapper.framework; name = Virtualization.framework; path = System/Library/Frameworks/Virtualization.framework; sourceTree = SDKROOT; };
		4FFD77862A9B62C100D11F88 /* VMsWindow.hpp */ = {isa = PBXFileReference; lastKnownFileType = sourcecode.cpp.h; path = VMsWindow.hpp; sourceTree = "<group>"; };
		4FFD77872A9B62C100D11F88 /* VMsWindow.mm */ = {isa = PBXFileReference; lastKnownFileType = sourcecode.cpp.objcpp; path = VMsWindow.mm; sourceTree = "<group>"; };
		4FFD77892A9B63D400D11F88 /* VMsViewController.hpp */ = {isa = PBXFileReference; lastKnownFileType = sourcecode.cpp.h; path = VMsViewController.hpp; sourceTree = "<group>"; };
		4FFD778A2A9B63D400D11F88 /* VMsViewController.mm */ = {isa = PBXFileReference; lastKnownFileType = sourcecode.cpp.objcpp; path = VMsViewController.mm; sourceTree = "<group>"; };
		4FFD778D2A9B68C900D11F88 /* NSObject+Foundation_IvarDescription.h */ = {isa = PBXFileReference; fileEncoding = 4; lastKnownFileType = sourcecode.c.h; path = "NSObject+Foundation_IvarDescription.h"; sourceTree = "<group>"; };
		4FFD778E2A9B68C900D11F88 /* NSObject+Foundation_IvarDescription.mm */ = {isa = PBXFileReference; fileEncoding = 4; lastKnownFileType = sourcecode.cpp.objcpp; path = "NSObject+Foundation_IvarDescription.mm"; sourceTree = "<group>"; };
		4FFD77B52A9B78BE00D11F88 /* Cancellable.hpp */ = {isa = PBXFileReference; lastKnownFileType = sourcecode.cpp.h; path = Cancellable.hpp; sourceTree = "<group>"; };
		4FFD77B62A9B78BE00D11F88 /* Cancellable.cc */ = {isa = PBXFileReference; lastKnownFileType = sourcecode.cpp.cpp; path = Cancellable.cc; sourceTree = "<group>"; };
		4FFD77B82A9B826B00D11F88 /* constants.hpp */ = {isa = PBXFileReference; lastKnownFileType = sourcecode.cpp.h; path = constants.hpp; sourceTree = "<group>"; };
		4FFF2CA12AA2200600B22FEA /* TestNavigationViewController.hpp */ = {isa = PBXFileReference; lastKnownFileType = sourcecode.cpp.h; path = TestNavigationViewController.hpp; sourceTree = "<group>"; };
		4FFF2CA22AA2200600B22FEA /* TestNavigationViewController.mm */ = {isa = PBXFileReference; lastKnownFileType = sourcecode.cpp.objcpp; path = TestNavigationViewController.mm; sourceTree = "<group>"; };
		4FFF2CA42AA314D900B22FEA /* CreateVMInstallationViewController.hpp */ = {isa = PBXFileReference; lastKnownFileType = sourcecode.cpp.h; path = CreateVMInstallationViewController.hpp; sourceTree = "<group>"; };
		4FFF2CA52AA314D900B22FEA /* CreateVMInstallationViewController.mm */ = {isa = PBXFileReference; lastKnownFileType = sourcecode.cpp.objcpp; path = CreateVMInstallationViewController.mm; sourceTree = "<group>"; };
		4FFF2CA72AA316AF00B22FEA /* CreateVMWindow.hpp */ = {isa = PBXFileReference; lastKnownFileType = sourcecode.cpp.h; path = CreateVMWindow.hpp; sourceTree = "<group>"; };
		4FFF2CA82AA316AF00B22FEA /* CreateVMWindow.mm */ = {isa = PBXFileReference; lastKnownFileType = sourcecode.cpp.objcpp; path = CreateVMWindow.mm; sourceTree = "<group>"; };
		4FFF2CAA2AA3189200B22FEA /* CreateVMInstallationViewModel.mm */ = {isa = PBXFileReference; lastKnownFileType = sourcecode.cpp.objcpp; path = CreateVMInstallationViewModel.mm; sourceTree = "<group>"; };
		4FFF2CAB2AA3189200B22FEA /* CreateVMInstallationViewModel.hpp */ = {isa = PBXFileReference; lastKnownFileType = sourcecode.cpp.h; path = CreateVMInstallationViewModel.hpp; sourceTree = "<group>"; };
/* End PBXFileReference section */

/* Begin PBXFrameworksBuildPhase section */
		4FFD77662A9B619E00D11F88 /* Frameworks */ = {
			isa = PBXFrameworksBuildPhase;
			buildActionMask = 2147483647;
			files = (
				4F55C8F52A9E2566009CADBD /* UniformTypeIdentifiers.framework in Frameworks */,
				4FFD77812A9B622100D11F88 /* Cocoa.framework in Frameworks */,
				4FD979E42A9CAAB6004CD11C /* CoreData.framework in Frameworks */,
				4FFD77832A9B622500D11F88 /* Virtualization.framework in Frameworks */,
			);
			runOnlyForDeploymentPostprocessing = 0;
		};
/* End PBXFrameworksBuildPhase section */

/* Begin PBXGroup section */
		4F59BE482AA485E2003E6F07 /* VM */ = {
			isa = PBXGroup;
			children = (
				4F59BE4C2AA48DFE003E6F07 /* VMWindow.hpp */,
				4F59BE4D2AA48DFE003E6F07 /* VMWindow.mm */,
				4F59BE4F2AA4A756003E6F07 /* VMViewController.hpp */,
				4F59BE502AA4A756003E6F07 /* VMViewController.mm */,
				4F59BE532AA4C495003E6F07 /* VMViewModel.hpp */,
				4F59BE522AA4C495003E6F07 /* VMViewModel.mm */,
			);
			path = VM;
			sourceTree = "<group>";
		};
		4F66B1552A9EE8E300D188F0 /* CreateVM */ = {
			isa = PBXGroup;
			children = (
				4FFF2CA72AA316AF00B22FEA /* CreateVMWindow.hpp */,
				4FFF2CA82AA316AF00B22FEA /* CreateVMWindow.mm */,
				4F66B1562A9EE94C00D188F0 /* CreateVMLocationViewController.hpp */,
				4F66B1572A9EE94C00D188F0 /* CreateVMLocationViewController.mm */,
				4FD4CD492AA5525200075DF1 /* CreateVMDiskConfigurationViewController.hpp */,
				4FD4CD4A2AA5525200075DF1 /* CreateVMDiskConfigurationViewController.mm */,
				4FFF2CA42AA314D900B22FEA /* CreateVMInstallationViewController.hpp */,
				4FFF2CA52AA314D900B22FEA /* CreateVMInstallationViewController.mm */,
				4FFF2CAB2AA3189200B22FEA /* CreateVMInstallationViewModel.hpp */,
				4FFF2CAA2AA3189200B22FEA /* CreateVMInstallationViewModel.mm */,
			);
			path = CreateVM;
			sourceTree = "<group>";
		};
		4F7ECC7F2AA023BE00781951 /* NavigationController */ = {
			isa = PBXGroup;
			children = (
				4F7ECC802AA0245F00781951 /* NavigationController.hpp */,
				4F7ECC812AA0245F00781951 /* NavigationController.mm */,
				4F23E0E72AA06F3B00A12F7B /* NavigationContentView.hpp */,
				4F23E0E82AA06F3B00A12F7B /* NavigationContentView.mm */,
				4FFAB6892AA1FE7400DC71AA /* NavigationItem.hpp */,
				4FFAB68A2AA1FE7400DC71AA /* NavigationItem.mm */,
				4FFF2CA02AA21FEA00B22FEA /* Test */,
			);
			path = NavigationController;
			sourceTree = "<group>";
		};
		4F8933FE2AA61D970066B3EC /* EditVM */ = {
			isa = PBXGroup;
			children = (
				4F8933FF2AA61DE10066B3EC /* EditVMWindow.hpp */,
				4F8934002AA61DE10066B3EC /* EditVMWindow.mm */,
				4F7A7CB92AA6EBF700919300 /* EditVMViewController.hpp */,
				4F7A7CBA2AA6EBF700919300 /* EditVMViewController.mm */,
				4F7A7CBC2AA6ED9E00919300 /* EditVMSidebarViewController.hpp */,
				4F7A7CBD2AA6ED9E00919300 /* EditVMSidebarViewController.mm */,
				4F7A7CC02AA6F6BF00919300 /* EditVMSidebarViewModel.hpp */,
				4F7A7CBF2AA6F6BF00919300 /* EditVMSidebarViewModel.mm */,
				4F70CC6A2AA8C5AE00DB4555 /* EditVMSidebarSectionModel.hpp */,
				4F70CC6B2AA8C5AE00DB4555 /* EditVMSidebarSectionModel.mm */,
			);
			path = EditVM;
			sourceTree = "<group>";
		};
		4FA1D8522AA5671B00485112 /* SVTextField */ = {
			isa = PBXGroup;
			children = (
				4FA1D8532AA5674300485112 /* SVTextField.hpp */,
				4FA1D8542AA5674300485112 /* SVTextField.mm */,
			);
			path = SVTextField;
			sourceTree = "<group>";
		};
		4FE8DDD22A9C6470003B11C1 /* Settings */ = {
			isa = PBXGroup;
			children = (
				4FE8DDDB2A9C6903003B11C1 /* SettingsWindow.hpp */,
				4FE8DDDC2A9C6903003B11C1 /* SettingsWindow.mm */,
				4FE8DDDE2A9C69AE003B11C1 /* SettingsViewController.hpp */,
				4FE8DDDF2A9C69AE003B11C1 /* SettingsViewController.mm */,
			);
			path = Settings;
			sourceTree = "<group>";
		};
		4FE8DDD32A9C655F003B11C1 /* BaseMenu */ = {
			isa = PBXGroup;
			children = (
				4FE8DDD42A9C656D003B11C1 /* BaseMenu.hpp */,
				4FE8DDD52A9C656D003B11C1 /* BaseMenu.mm */,
				4FE8DDD72A9C65E4003B11C1 /* Items */,
			);
			path = BaseMenu;
			sourceTree = "<group>";
		};
		4FE8DDD72A9C65E4003B11C1 /* Items */ = {
			isa = PBXGroup;
			children = (
				4FE8DDD82A9C65EE003B11C1 /* AppMenuItem.hpp */,
				4FE8DDD92A9C65EE003B11C1 /* AppMenuItem.mm */,
			);
			path = Items;
			sourceTree = "<group>";
		};
		4FE8DDE22A9C6CCC003B11C1 /* RestoreImages */ = {
			isa = PBXGroup;
			children = (
				4FE8DDE32A9C6D06003B11C1 /* RestoreImagesViewController.hpp */,
				4FE8DDE42A9C6D06003B11C1 /* RestoreImagesViewController.mm */,
				4F607D0F2A9DAE2200DBB7EB /* RestoreImagesViewModel.hpp */,
				4F607D0E2A9DAE2200DBB7EB /* RestoreImagesViewModel.mm */,
				4F607D112A9DBC8900DBB7EB /* RestoreImagesViewModelDelegate.hpp */,
				4F607D122A9DBC8900DBB7EB /* RestoreImagesViewModelDelegate.mm */,
				4F607D142A9DCA0600DBB7EB /* RestoreImagesCollectionViewItem.hpp */,
				4F607D152A9DCA0600DBB7EB /* RestoreImagesCollectionViewItem.mm */,
			);
			path = RestoreImages;
			sourceTree = "<group>";
		};
		4FFD77602A9B619E00D11F88 = {
			isa = PBXGroup;
			children = (
				4FFD776B2A9B619E00D11F88 /* Silicon */,
				4FFD776A2A9B619E00D11F88 /* Products */,
				4FFD777F2A9B622100D11F88 /* Frameworks */,
			);
			sourceTree = "<group>";
		};
		4FFD776A2A9B619E00D11F88 /* Products */ = {
			isa = PBXGroup;
			children = (
				4FFD77692A9B619E00D11F88 /* Silicon.app */,
			);
			name = Products;
			sourceTree = "<group>";
		};
		4FFD776B2A9B619E00D11F88 /* Silicon */ = {
			isa = PBXGroup;
			children = (
				4FFD776C2A9B619E00D11F88 /* AppDelegate.hpp */,
				4FFD776D2A9B619E00D11F88 /* AppDelegate.mm */,
				4FFD776F2A9B619E00D11F88 /* ViewController.hpp */,
				4FFD77702A9B619E00D11F88 /* ViewController.mm */,
				4FFD778C2A9B68B500D11F88 /* Utils */,
				4FFD77852A9B62AF00D11F88 /* Views */,
				4FFD77722A9B619F00D11F88 /* Assets.xcassets */,
				4F7ECC832AA0618700781951 /* View.xib */,
				4FFD77772A9B619F00D11F88 /* main.mm */,
				4FFD77792A9B619F00D11F88 /* Silicon.entitlements */,
			);
			path = Silicon;
			sourceTree = "<group>";
		};
		4FFD777F2A9B622100D11F88 /* Frameworks */ = {
			isa = PBXGroup;
			children = (
				4F55C8F42A9E2566009CADBD /* UniformTypeIdentifiers.framework */,
				4FD979E32A9CAAB6004CD11C /* CoreData.framework */,
				4FFD77822A9B622500D11F88 /* Virtualization.framework */,
				4FFD77802A9B622100D11F88 /* Cocoa.framework */,
			);
			name = Frameworks;
			sourceTree = "<group>";
		};
		4FFD77842A9B62A800D11F88 /* VMs */ = {
			isa = PBXGroup;
			children = (
				4FFD77862A9B62C100D11F88 /* VMsWindow.hpp */,
				4FFD77872A9B62C100D11F88 /* VMsWindow.mm */,
				4FFD77892A9B63D400D11F88 /* VMsViewController.hpp */,
				4FFD778A2A9B63D400D11F88 /* VMsViewController.mm */,
				4F59BE402AA479DC003E6F07 /* VMsViewModel.hpp */,
				4F59BE3F2AA479DC003E6F07 /* VMsViewModel.mm */,
				4F59BE422AA47BA0003E6F07 /* VMsViewModelDelegate.hpp */,
				4F59BE432AA47BA0003E6F07 /* VMsViewModelDelegate.mm */,
				4F59BE452AA480E0003E6F07 /* VMsCollectionViewItem.hpp */,
				4F59BE462AA480E0003E6F07 /* VMsCollectionViewItem.mm */,
			);
			path = VMs;
			sourceTree = "<group>";
		};
		4FFD77852A9B62AF00D11F88 /* Views */ = {
			isa = PBXGroup;
			children = (
				4FA1D8522AA5671B00485112 /* SVTextField */,
				4F7ECC7F2AA023BE00781951 /* NavigationController */,
				4FE8DDD32A9C655F003B11C1 /* BaseMenu */,
				4FE8DDD22A9C6470003B11C1 /* Settings */,
				4FE8DDE22A9C6CCC003B11C1 /* RestoreImages */,
				4FFD77842A9B62A800D11F88 /* VMs */,
				4F66B1552A9EE8E300D188F0 /* CreateVM */,
				4F8933FE2AA61D970066B3EC /* EditVM */,
				4F59BE482AA485E2003E6F07 /* VM */,
			);
			path = Views;
			sourceTree = "<group>";
		};
		4FFD778C2A9B68B500D11F88 /* Utils */ = {
			isa = PBXGroup;
			children = (
				4FFD778D2A9B68C900D11F88 /* NSObject+Foundation_IvarDescription.h */,
				4FFD778E2A9B68C900D11F88 /* NSObject+Foundation_IvarDescription.mm */,
				4F4E13C32A9DCB0600FC6305 /* NSTextField+LabelStyle.hpp */,
				4F4E13C42A9DCB0600FC6305 /* NSTextField+LabelStyle.mm */,
				4FFD77B52A9B78BE00D11F88 /* Cancellable.hpp */,
				4FFD77B62A9B78BE00D11F88 /* Cancellable.cc */,
				4FFD77B82A9B826B00D11F88 /* constants.hpp */,
				4FD979E02A9CAA7A004CD11C /* PersistentDataManager.hpp */,
				4FD979E12A9CAA7A004CD11C /* PersistentDataManager.mm */,
				4F83F75C2A9CD27900777BF6 /* RestoreImageModel.hpp */,
				4F83F75D2A9CD27900777BF6 /* RestoreImageModel.mm */,
				4F66B1522A9EE6FD00D188F0 /* VirtualMachineMacModel.hpp */,
				4F66B1532A9EE6FD00D188F0 /* VirtualMachineMacModel.mm */,
				4F59BE362AA464F1003E6F07 /* VZMacHardwareModelValueTransformer.hpp */,
				4F59BE372AA464F1003E6F07 /* VZMacHardwareModelValueTransformer.mm */,
				4F59BE392AA465E5003E6F07 /* VZMacMachineIdentifierValueTransformer.hpp */,
				4F59BE3A2AA465E5003E6F07 /* VZMacMachineIdentifierValueTransformer.mm */,
				4F59BE3C2AA468B0003E6F07 /* VZMACAddressValueTransformer.hpp */,
				4F59BE3D2AA468B0003E6F07 /* VZMACAddressValueTransformer.mm */,
				4F59BE492AA48A68003E6F07 /* BookmarkURLValueTransformer.hpp */,
				4F59BE4A2AA48A68003E6F07 /* BookmarkURLValueTransformer.mm */,
			);
			path = Utils;
			sourceTree = "<group>";
		};
		4FFF2CA02AA21FEA00B22FEA /* Test */ = {
			isa = PBXGroup;
			children = (
				4FFF2CA12AA2200600B22FEA /* TestNavigationViewController.hpp */,
				4FFF2CA22AA2200600B22FEA /* TestNavigationViewController.mm */,
			);
			path = Test;
			sourceTree = "<group>";
		};
/* End PBXGroup section */

/* Begin PBXNativeTarget section */
		4FFD77682A9B619E00D11F88 /* Silicon */ = {
			isa = PBXNativeTarget;
			buildConfigurationList = 4FFD777C2A9B619F00D11F88 /* Build configuration list for PBXNativeTarget "Silicon" */;
			buildPhases = (
				4FFD77652A9B619E00D11F88 /* Sources */,
				4FFD77662A9B619E00D11F88 /* Frameworks */,
				4FFD77672A9B619E00D11F88 /* Resources */,
			);
			buildRules = (
			);
			dependencies = (
			);
			name = Silicon;
			productName = Silicon;
			productReference = 4FFD77692A9B619E00D11F88 /* Silicon.app */;
			productType = "com.apple.product-type.application";
		};
/* End PBXNativeTarget section */

/* Begin PBXProject section */
		4FFD77612A9B619E00D11F88 /* Project object */ = {
			isa = PBXProject;
			attributes = {
				BuildIndependentTargetsInParallel = 1;
				LastUpgradeCheck = 1500;
				TargetAttributes = {
					4FFD77682A9B619E00D11F88 = {
						CreatedOnToolsVersion = 15.0;
					};
				};
			};
			buildConfigurationList = 4FFD77642A9B619E00D11F88 /* Build configuration list for PBXProject "Silicon" */;
			compatibilityVersion = "Xcode 14.0";
			developmentRegion = en;
			hasScannedForEncodings = 0;
			knownRegions = (
				en,
				Base,
			);
			mainGroup = 4FFD77602A9B619E00D11F88;
			productRefGroup = 4FFD776A2A9B619E00D11F88 /* Products */;
			projectDirPath = "";
			projectRoot = "";
			targets = (
				4FFD77682A9B619E00D11F88 /* Silicon */,
			);
		};
/* End PBXProject section */

/* Begin PBXResourcesBuildPhase section */
		4FFD77672A9B619E00D11F88 /* Resources */ = {
			isa = PBXResourcesBuildPhase;
			buildActionMask = 2147483647;
			files = (
				4F7ECC842AA0618700781951 /* View.xib in Resources */,
				4FFD77732A9B619F00D11F88 /* Assets.xcassets in Resources */,
			);
			runOnlyForDeploymentPostprocessing = 0;
		};
/* End PBXResourcesBuildPhase section */

/* Begin PBXSourcesBuildPhase section */
		4FFD77652A9B619E00D11F88 /* Sources */ = {
			isa = PBXSourcesBuildPhase;
			buildActionMask = 2147483647;
			files = (
				4F7A7CBB2AA6EBF700919300 /* EditVMViewController.mm in Sources */,
				4FFD77712A9B619E00D11F88 /* ViewController.mm in Sources */,
				4F59BE4E2AA48DFE003E6F07 /* VMWindow.mm in Sources */,
				4F59BE472AA480E0003E6F07 /* VMsCollectionViewItem.mm in Sources */,
				4F59BE3E2AA468B0003E6F07 /* VZMACAddressValueTransformer.mm in Sources */,
				4F59BE512AA4A756003E6F07 /* VMViewController.mm in Sources */,
				4F607D102A9DAE2200DBB7EB /* RestoreImagesViewModel.mm in Sources */,
				4F59BE4B2AA48A68003E6F07 /* BookmarkURLValueTransformer.mm in Sources */,
				4F607D162A9DCA0600DBB7EB /* RestoreImagesCollectionViewItem.mm in Sources */,
				4F4E13C52A9DCB0600FC6305 /* NSTextField+LabelStyle.mm in Sources */,
				4FFD778F2A9B68C900D11F88 /* NSObject+Foundation_IvarDescription.mm in Sources */,
				4FD979E22A9CAA7A004CD11C /* PersistentDataManager.mm in Sources */,
				4F59BE412AA479DC003E6F07 /* VMsViewModel.mm in Sources */,
				4F607D132A9DBC8900DBB7EB /* RestoreImagesViewModelDelegate.mm in Sources */,
				4F59BE382AA464F1003E6F07 /* VZMacHardwareModelValueTransformer.mm in Sources */,
				4F83F75E2A9CD27900777BF6 /* RestoreImageModel.mm in Sources */,
				4F59BE3B2AA465E5003E6F07 /* VZMacMachineIdentifierValueTransformer.mm in Sources */,
				4FFF2CA62AA314D900B22FEA /* CreateVMInstallationViewController.mm in Sources */,
				4F66B1542A9EE6FD00D188F0 /* VirtualMachineMacModel.mm in Sources */,
				4FFAB68B2AA1FE7400DC71AA /* NavigationItem.mm in Sources */,
				4FE8DDE02A9C69AE003B11C1 /* SettingsViewController.mm in Sources */,
				4F66B1582A9EE94C00D188F0 /* CreateVMLocationViewController.mm in Sources */,
				4FFD77782A9B619F00D11F88 /* main.mm in Sources */,
				4FFD776E2A9B619E00D11F88 /* AppDelegate.mm in Sources */,
				4FE8DDDA2A9C65EE003B11C1 /* AppMenuItem.mm in Sources */,
				4F7A7CC12AA6F6BF00919300 /* EditVMSidebarViewModel.mm in Sources */,
				4FE8DDE52A9C6D06003B11C1 /* RestoreImagesViewController.mm in Sources */,
				4FD4CD4B2AA5525200075DF1 /* CreateVMDiskConfigurationViewController.mm in Sources */,
				4F23E0E92AA06F3B00A12F7B /* NavigationContentView.mm in Sources */,
				4F7A7CBE2AA6ED9E00919300 /* EditVMSidebarViewController.mm in Sources */,
				4F70CC6C2AA8C5AE00DB4555 /* EditVMSidebarSectionModel.mm in Sources */,
				4FE8DDD62A9C656D003B11C1 /* BaseMenu.mm in Sources */,
				4FFF2CA92AA316AF00B22FEA /* CreateVMWindow.mm in Sources */,
				4FFF2CA32AA2200600B22FEA /* TestNavigationViewController.mm in Sources */,
				4FFD778B2A9B63D400D11F88 /* VMsViewController.mm in Sources */,
				4F59BE442AA47BA0003E6F07 /* VMsViewModelDelegate.mm in Sources */,
				4FFF2CAC2AA3189200B22FEA /* CreateVMInstallationViewModel.mm in Sources */,
				4FFD77B72A9B78BE00D11F88 /* Cancellable.cc in Sources */,
				4F8934012AA61DE10066B3EC /* EditVMWindow.mm in Sources */,
				4F59BE542AA4C495003E6F07 /* VMViewModel.mm in Sources */,
				4F7ECC822AA0245F00781951 /* NavigationController.mm in Sources */,
				4FFD77882A9B62C100D11F88 /* VMsWindow.mm in Sources */,
				4FA1D8552AA5674300485112 /* SVTextField.mm in Sources */,
				4FE8DDDD2A9C6903003B11C1 /* SettingsWindow.mm in Sources */,
			);
			runOnlyForDeploymentPostprocessing = 0;
		};
/* End PBXSourcesBuildPhase section */

/* Begin XCBuildConfiguration section */
		4FFD777A2A9B619F00D11F88 /* Debug */ = {
			isa = XCBuildConfiguration;
			buildSettings = {
				ALWAYS_SEARCH_USER_PATHS = NO;
				ASSETCATALOG_COMPILER_GENERATE_SWIFT_ASSET_SYMBOL_EXTENSIONS = YES;
				CLANG_ANALYZER_NONNULL = YES;
				CLANG_ANALYZER_NUMBER_OBJECT_CONVERSION = YES_AGGRESSIVE;
				CLANG_CXX_LANGUAGE_STANDARD = "gnu++20";
				CLANG_ENABLE_MODULES = YES;
				CLANG_ENABLE_OBJC_ARC = NO;
				CLANG_ENABLE_OBJC_WEAK = NO;
				CLANG_WARN_BLOCK_CAPTURE_AUTORELEASING = YES;
				CLANG_WARN_BOOL_CONVERSION = YES;
				CLANG_WARN_COMMA = YES;
				CLANG_WARN_CONSTANT_CONVERSION = YES;
				CLANG_WARN_DEPRECATED_OBJC_IMPLEMENTATIONS = YES;
				CLANG_WARN_DIRECT_OBJC_ISA_USAGE = YES_ERROR;
				CLANG_WARN_DOCUMENTATION_COMMENTS = YES;
				CLANG_WARN_EMPTY_BODY = YES;
				CLANG_WARN_ENUM_CONVERSION = YES;
				CLANG_WARN_INFINITE_RECURSION = YES;
				CLANG_WARN_INT_CONVERSION = YES;
				CLANG_WARN_NON_LITERAL_NULL_CONVERSION = YES;
				CLANG_WARN_OBJC_IMPLICIT_RETAIN_SELF = YES;
				CLANG_WARN_OBJC_LITERAL_CONVERSION = YES;
				CLANG_WARN_OBJC_ROOT_CLASS = YES_ERROR;
				CLANG_WARN_QUOTED_INCLUDE_IN_FRAMEWORK_HEADER = YES;
				CLANG_WARN_RANGE_LOOP_ANALYSIS = YES;
				CLANG_WARN_STRICT_PROTOTYPES = YES;
				CLANG_WARN_SUSPICIOUS_MOVE = YES;
				CLANG_WARN_UNGUARDED_AVAILABILITY = YES_AGGRESSIVE;
				CLANG_WARN_UNREACHABLE_CODE = YES;
				CLANG_WARN__DUPLICATE_METHOD_MATCH = YES;
				COPY_PHASE_STRIP = NO;
				DEBUG_INFORMATION_FORMAT = dwarf;
				ENABLE_STRICT_OBJC_MSGSEND = YES;
				ENABLE_TESTABILITY = YES;
				ENABLE_USER_SCRIPT_SANDBOXING = YES;
				GCC_C_LANGUAGE_STANDARD = gnu17;
				GCC_DYNAMIC_NO_PIC = NO;
				GCC_NO_COMMON_BLOCKS = YES;
				GCC_OPTIMIZATION_LEVEL = 0;
				GCC_PREPROCESSOR_DEFINITIONS = (
					"DEBUG=1",
					"$(inherited)",
				);
				GCC_WARN_64_TO_32_BIT_CONVERSION = YES;
				GCC_WARN_ABOUT_RETURN_TYPE = YES_ERROR;
				GCC_WARN_UNDECLARED_SELECTOR = YES;
				GCC_WARN_UNINITIALIZED_AUTOS = YES_AGGRESSIVE;
				GCC_WARN_UNUSED_FUNCTION = YES;
				GCC_WARN_UNUSED_VARIABLE = YES;
				LOCALIZATION_PREFERS_STRING_CATALOGS = YES;
				MACOSX_DEPLOYMENT_TARGET = 14.0;
				MTL_ENABLE_DEBUG_INFO = INCLUDE_SOURCE;
				MTL_FAST_MATH = YES;
				ONLY_ACTIVE_ARCH = YES;
				SDKROOT = macosx;
			};
			name = Debug;
		};
		4FFD777B2A9B619F00D11F88 /* Release */ = {
			isa = XCBuildConfiguration;
			buildSettings = {
				ALWAYS_SEARCH_USER_PATHS = NO;
				ASSETCATALOG_COMPILER_GENERATE_SWIFT_ASSET_SYMBOL_EXTENSIONS = YES;
				CLANG_ANALYZER_NONNULL = YES;
				CLANG_ANALYZER_NUMBER_OBJECT_CONVERSION = YES_AGGRESSIVE;
				CLANG_CXX_LANGUAGE_STANDARD = "gnu++20";
				CLANG_ENABLE_MODULES = YES;
				CLANG_ENABLE_OBJC_ARC = NO;
				CLANG_ENABLE_OBJC_WEAK = NO;
				CLANG_WARN_BLOCK_CAPTURE_AUTORELEASING = YES;
				CLANG_WARN_BOOL_CONVERSION = YES;
				CLANG_WARN_COMMA = YES;
				CLANG_WARN_CONSTANT_CONVERSION = YES;
				CLANG_WARN_DEPRECATED_OBJC_IMPLEMENTATIONS = YES;
				CLANG_WARN_DIRECT_OBJC_ISA_USAGE = YES_ERROR;
				CLANG_WARN_DOCUMENTATION_COMMENTS = YES;
				CLANG_WARN_EMPTY_BODY = YES;
				CLANG_WARN_ENUM_CONVERSION = YES;
				CLANG_WARN_INFINITE_RECURSION = YES;
				CLANG_WARN_INT_CONVERSION = YES;
				CLANG_WARN_NON_LITERAL_NULL_CONVERSION = YES;
				CLANG_WARN_OBJC_IMPLICIT_RETAIN_SELF = YES;
				CLANG_WARN_OBJC_LITERAL_CONVERSION = YES;
				CLANG_WARN_OBJC_ROOT_CLASS = YES_ERROR;
				CLANG_WARN_QUOTED_INCLUDE_IN_FRAMEWORK_HEADER = YES;
				CLANG_WARN_RANGE_LOOP_ANALYSIS = YES;
				CLANG_WARN_STRICT_PROTOTYPES = YES;
				CLANG_WARN_SUSPICIOUS_MOVE = YES;
				CLANG_WARN_UNGUARDED_AVAILABILITY = YES_AGGRESSIVE;
				CLANG_WARN_UNREACHABLE_CODE = YES;
				CLANG_WARN__DUPLICATE_METHOD_MATCH = YES;
				COPY_PHASE_STRIP = NO;
				DEBUG_INFORMATION_FORMAT = "dwarf-with-dsym";
				ENABLE_NS_ASSERTIONS = NO;
				ENABLE_STRICT_OBJC_MSGSEND = YES;
				ENABLE_USER_SCRIPT_SANDBOXING = YES;
				GCC_C_LANGUAGE_STANDARD = gnu17;
				GCC_NO_COMMON_BLOCKS = YES;
				GCC_WARN_64_TO_32_BIT_CONVERSION = YES;
				GCC_WARN_ABOUT_RETURN_TYPE = YES_ERROR;
				GCC_WARN_UNDECLARED_SELECTOR = YES;
				GCC_WARN_UNINITIALIZED_AUTOS = YES_AGGRESSIVE;
				GCC_WARN_UNUSED_FUNCTION = YES;
				GCC_WARN_UNUSED_VARIABLE = YES;
				LOCALIZATION_PREFERS_STRING_CATALOGS = YES;
				MACOSX_DEPLOYMENT_TARGET = 14.0;
				MTL_ENABLE_DEBUG_INFO = NO;
				MTL_FAST_MATH = YES;
				SDKROOT = macosx;
			};
			name = Release;
		};
		4FFD777D2A9B619F00D11F88 /* Debug */ = {
			isa = XCBuildConfiguration;
			buildSettings = {
				ASSETCATALOG_COMPILER_APPICON_NAME = AppIcon;
				ASSETCATALOG_COMPILER_GLOBAL_ACCENT_COLOR_NAME = AccentColor;
				CLANG_CXX_LANGUAGE_STANDARD = "gnu++23";
				CODE_SIGN_ENTITLEMENTS = Silicon/Silicon.entitlements;
				CODE_SIGN_STYLE = Automatic;
				COMBINE_HIDPI_IMAGES = YES;
				CURRENT_PROJECT_VERSION = 1;
				DEVELOPMENT_TEAM = P53D29U9LJ;
				ENABLE_HARDENED_RUNTIME = YES;
				GENERATE_INFOPLIST_FILE = YES;
				INFOPLIST_KEY_NSHumanReadableCopyright = "";
				INFOPLIST_KEY_NSPrincipalClass = NSApplication;
				LD_RUNPATH_SEARCH_PATHS = (
					"$(inherited)",
					"@executable_path/../Frameworks",
				);
				MARKETING_VERSION = 1.0;
				PRODUCT_BUNDLE_IDENTIFIER = com.pookjw.Silicon;
				PRODUCT_NAME = "$(TARGET_NAME)";
				SWIFT_EMIT_LOC_STRINGS = YES;
			};
			name = Debug;
		};
		4FFD777E2A9B619F00D11F88 /* Release */ = {
			isa = XCBuildConfiguration;
			buildSettings = {
				ASSETCATALOG_COMPILER_APPICON_NAME = AppIcon;
				ASSETCATALOG_COMPILER_GLOBAL_ACCENT_COLOR_NAME = AccentColor;
				CLANG_CXX_LANGUAGE_STANDARD = "gnu++23";
				CODE_SIGN_ENTITLEMENTS = Silicon/Silicon.entitlements;
				CODE_SIGN_STYLE = Automatic;
				COMBINE_HIDPI_IMAGES = YES;
				CURRENT_PROJECT_VERSION = 1;
				DEVELOPMENT_TEAM = P53D29U9LJ;
				ENABLE_HARDENED_RUNTIME = YES;
				GENERATE_INFOPLIST_FILE = YES;
				INFOPLIST_KEY_NSHumanReadableCopyright = "";
				INFOPLIST_KEY_NSPrincipalClass = NSApplication;
				LD_RUNPATH_SEARCH_PATHS = (
					"$(inherited)",
					"@executable_path/../Frameworks",
				);
				MARKETING_VERSION = 1.0;
				PRODUCT_BUNDLE_IDENTIFIER = com.pookjw.Silicon;
				PRODUCT_NAME = "$(TARGET_NAME)";
				SWIFT_EMIT_LOC_STRINGS = YES;
			};
			name = Release;
		};
/* End XCBuildConfiguration section */

/* Begin XCConfigurationList section */
		4FFD77642A9B619E00D11F88 /* Build configuration list for PBXProject "Silicon" */ = {
			isa = XCConfigurationList;
			buildConfigurations = (
				4FFD777A2A9B619F00D11F88 /* Debug */,
				4FFD777B2A9B619F00D11F88 /* Release */,
			);
			defaultConfigurationIsVisible = 0;
			defaultConfigurationName = Release;
		};
		4FFD777C2A9B619F00D11F88 /* Build configuration list for PBXNativeTarget "Silicon" */ = {
			isa = XCConfigurationList;
			buildConfigurations = (
				4FFD777D2A9B619F00D11F88 /* Debug */,
				4FFD777E2A9B619F00D11F88 /* Release */,
			);
			defaultConfigurationIsVisible = 0;
			defaultConfigurationName = Release;
		};
/* End XCConfigurationList section */
	};
	rootObject = 4FFD77612A9B619E00D11F88 /* Project object */;
}
